<?xml version="1.0" encoding="utf-8"?>
<Project ToolsVersion="4.0" xmlns="http://schemas.microsoft.com/developer/msbuild/2003">
  <ItemGroup>
    <ClCompile Include="CurrentWeather.cpp" />
    <ClCompile Include="CycleInfo.cpp" />
    <ClCompile Include="DirectConnectedInput.cpp" />
    <ClCompile Include="DS18B20Interface.cpp" />
    <ClCompile Include="GlobalWeather.cpp" />
    <ClCompile Include="ISensorInterface.h" />
    <ClCompile Include="main.cpp" />
    <ClCompile Include="Management.cpp" />
    <ClCompile Include="SensorValues.cpp" />
    <ClCompile Include="Storage.cpp" />
    <ClCompile Include="TemplateUtils.cpp" />
    <ClCompile Include="Utils.cpp" />
    <ClCompile Include="Rtl433Input.cpp" />
    <ClCompile Include="IInputInterface.h" />
    <ClCompile Include="CommandInput.cpp" />
    <ClCompile Include="MqttConsumer.cpp" />
    <ClCompile Include="NormalTemperatureStrategy.cpp" />
    <ClCompile Include="TemperatureStrategyBase.cpp" />
    <ClCompile Include="DirectTemperatureStrategy.cpp" />
    <ClCompile Include="Command.cpp" />
  </ItemGroup>
  <ItemGroup>
    <ClInclude Include="Common.h" />
    <ClInclude Include="CommonStruct.h" />
    <ClInclude Include="StandartLib.h" />
    <ClInclude Include="Constants.h" />
    <ClInclude Include="CurrentWeather.h" />
    <ClInclude Include="CycleInfo.h" />
    <ClInclude Include="DirectConnectedInput.h" />
    <ClInclude Include="DS18B20Interface.h" />
    <ClInclude Include="GlobalWeather.h" />
    <ClInclude Include="Management.h" />
    <ClInclude Include="SensorValues.h" />
    <ClInclude Include="Storage.h" />
    <ClInclude Include="TemplateUtils.h" />
    <ClInclude Include="Utils.h" />
    <ClInclude Include="Rtl433Input.h" />
    <ClInclude Include="CommandInput.h" />
    <ClInclude Include="MqttConsumer.h" />
    <ClInclude Include="NormalTemperatureStrategy.h" />
    <ClInclude Include="TemperatureStrategyBase.h" />
    <ClInclude Include="DirectTemperatureStrategy.h" />
    <ClInclude Include="Command.h" />
  </ItemGroup>
  <ItemGroup>
    <None Include="boiler_status.htm" />
    <None Include="DB Create.sql" />
    <None Include="ExternalFiles\ControlValues.json" />
    <None Include="ExternalFiles\SensorValues.json" />
    <None Include="ExternalFiles\SettingsValue.json" />
  </ItemGroup>
  <ItemGroup>
    <Filter Include="ExternalFiles">
      <UniqueIdentifier>{fcd85990-66f7-4a13-bf53-b39bf398798c}</UniqueIdentifier>
    </Filter>
  </ItemGroup>
</Project>