
Microsoft Visual Studio Solution File, Format Version 12.00
# Visual Studio Version 16
VisualStudioVersion = 16.0.30114.105
MinimumVisualStudioVersion = 10.0.40219.1
Project("{9A19103F-16F7-4668-BE54-9A1E7A4F7556}") = "BoilerWeb", "BoilerWeb\BoilerWeb.csproj", "{DECFBA84-94D4-4844-9F9B-83D007F01C48}"
EndProject
Global
	GlobalSection(SolutionConfigurationPlatforms) = preSolution
		Debug|Any CPU = Debug|Any CPU
		Release|Any CPU = Release|Any CPU
	EndGlobalSection
	GlobalSection(ProjectConfigurationPlatforms) = postSolution
		{DECFBA84-94D4-4844-9F9B-83D007F01C48}.Debug|Any CPU.ActiveCfg = Debug|Any CPU
		{DECFBA84-94D4-4844-9F9B-83D007F01C48}.Debug|Any CPU.Build.0 = Debug|Any CPU
		{DECFBA84-94D4-4844-9F9B-83D007F01C48}.Release|Any CPU.ActiveCfg = Release|Any CPU
		{DECFBA84-94D4-4844-9F9B-83D007F01C48}.Release|Any CPU.Build.0 = Release|Any CPU
	EndGlobalSection
	GlobalSection(SolutionProperties) = preSolution
		HideSolutionNode = FALSE
	EndGlobalSection
	GlobalSection(ExtensibilityGlobals) = postSolution
		SolutionGuid = {815FF07B-E67C-46D3-B52E-26FEA627AEA7}
	EndGlobalSection
EndGlobal
